
Microsoft Visual Studio Solution File, Format Version 12.00
# Visual Studio Version 17
VisualStudioVersion = 17.4.33213.308
MinimumVisualStudioVersion = 10.0.40219.1
Project("{FAE04EC0-301F-11D3-BF4B-00C04F79EFBC}") = "DataGrid1", "DataGrid1\DataGrid1.csproj", "{F8775E2C-7412-4EAB-A231-E4ADCD628AB8}"
EndProject
Global
	GlobalSection(SolutionConfigurationPlatforms) = preSolution
		Debug|Any CPU = Debug|Any CPU
		Release|Any CPU = Release|Any CPU
	EndGlobalSection
	GlobalSection(ProjectConfigurationPlatforms) = postSolution
		{F8775E2C-7412-4EAB-A231-E4ADCD628AB8}.Debug|Any CPU.ActiveCfg = Debug|Any CPU
		{F8775E2C-7412-4EAB-A231-E4ADCD628AB8}.Debug|Any CPU.Build.0 = Debug|Any CPU
		{F8775E2C-7412-4EAB-A231-E4ADCD628AB8}.Release|Any CPU.ActiveCfg = Release|Any CPU
		{F8775E2C-7412-4EAB-A231-E4ADCD628AB8}.Release|Any CPU.Build.0 = Release|Any CPU
	EndGlobalSection
	GlobalSection(SolutionProperties) = preSolution
		HideSolutionNode = FALSE
	EndGlobalSection
	GlobalSection(ExtensibilityGlobals) = postSolution
		SolutionGuid = {D1A416F1-D32D-4EF9-A96B-0646690F3BDF}
	EndGlobalSection
EndGlobal
